Microsoft Visual Studio Solution File, Format Version 12.00
# Visual Studio Version 17
VisualStudioVersion = 17.5.2.0
MinimumVisualStudioVersion = 10.0.40219.1
Project("{FAE04EC0-301F-11D3-BF4B-00C04F79EFBC}") = "MapGeneratorCs", "MapGeneratorCs.csproj", "{7A2CB1CE-6E72-CCC0-CC61-CD0F03C3CCCE}"
EndProject
Global
	GlobalSection(SolutionConfigurationPlatforms) = preSolution
		Debug|Any CPU = Debug|Any CPU
		Release|Any CPU = Release|Any CPU
	EndGlobalSection
	GlobalSection(ProjectConfigurationPlatforms) = postSolution
		{7A2CB1CE-6E72-CCC0-CC61-CD0F03C3CCCE}.Debug|Any CPU.ActiveCfg = Debug|Any CPU
		{7A2CB1CE-6E72-CCC0-CC61-CD0F03C3CCCE}.Debug|Any CPU.Build.0 = Debug|Any CPU
		{7A2CB1CE-6E72-CCC0-CC61-CD0F03C3CCCE}.Release|Any CPU.ActiveCfg = Release|Any CPU
		{7A2CB1CE-6E72-CCC0-CC61-CD0F03C3CCCE}.Release|Any CPU.Build.0 = Release|Any CPU
	EndGlobalSection
	GlobalSection(SolutionProperties) = preSolution
		HideSolutionNode = FALSE
	EndGlobalSection
	GlobalSection(ExtensibilityGlobals) = postSolution
		SolutionGuid = {1D175195-6C0D-4E08-97B4-170A8D1DC2B5}
	EndGlobalSection
EndGlobal
